// !$*UTF8*$!
{
	archiveVersion = 1;
	classes = {
	};
	objectVersion = 50;
	objects = {

/* Begin PBXBuildFile section */
		04B56164233922FF003DDEED /* Summaries.swift in Sources */ = {isa = PBXBuildFile; fileRef = 04B56163233922FF003DDEED /* Summaries.swift */; };
		04B5616623392A2A003DDEED /* Runnable.swift in Sources */ = {isa = PBXBuildFile; fileRef = 04B5616523392A2A003DDEED /* Runnable.swift */; };
		04B5616A233930ED003DDEED /* TestCase.swift in Sources */ = {isa = PBXBuildFile; fileRef = 04B56169233930ED003DDEED /* TestCase.swift */; };
		04B5616D23399F2B003DDEED /* FileUtils.swift in Sources */ = {isa = PBXBuildFile; fileRef = 04B5616C23399F2B003DDEED /* FileUtils.swift */; };
		1AFB7ED62338DC7800232691 /* main.swift in Sources */ = {isa = PBXBuildFile; fileRef = 1AFB7ED52338DC7800232691 /* main.swift */; };
		1AFB7EDD2338DF1A00232691 /* Api.swift in Sources */ = {isa = PBXBuildFile; fileRef = 1AFB7EDC2338DF1A00232691 /* Api.swift */; };
		1AFB7EE32338E39100232691 /* Result.swift in Sources */ = {isa = PBXBuildFile; fileRef = 1AFB7EE22338E39100232691 /* Result.swift */; };
/* End PBXBuildFile section */

/* Begin PBXCopyFilesBuildPhase section */
		1AFB7ED02338DC7800232691 /* CopyFiles */ = {
			isa = PBXCopyFilesBuildPhase;
			buildActionMask = 2147483647;
			dstPath = /usr/share/man/man1/;
			dstSubfolderSpec = 0;
			files = (
			);
			runOnlyForDeploymentPostprocessing = 1;
		};
/* End PBXCopyFilesBuildPhase section */

/* Begin PBXFileReference section */
		04B56163233922FF003DDEED /* Summaries.swift */ = {isa = PBXFileReference; lastKnownFileType = sourcecode.swift; path = Summaries.swift; sourceTree = "<group>"; };
		04B5616523392A2A003DDEED /* Runnable.swift */ = {isa = PBXFileReference; lastKnownFileType = sourcecode.swift; path = Runnable.swift; sourceTree = "<group>"; };
		04B5616823392D8D003DDEED /* config.plist */ = {isa = PBXFileReference; lastKnownFileType = text.plist.xml; path = config.plist; sourceTree = "<group>"; };
		04B56169233930ED003DDEED /* TestCase.swift */ = {isa = PBXFileReference; lastKnownFileType = sourcecode.swift; path = TestCase.swift; sourceTree = "<group>"; };
		04B5616C23399F2B003DDEED /* FileUtils.swift */ = {isa = PBXFileReference; lastKnownFileType = sourcecode.swift; path = FileUtils.swift; sourceTree = "<group>"; };
		1AFB7ED22338DC7800232691 /* ios-jira-client-tool */ = {isa = PBXFileReference; explicitFileType = "compiled.mach-o.executable"; includeInIndex = 0; path = "ios-jira-client-tool"; sourceTree = BUILT_PRODUCTS_DIR; };
		1AFB7ED52338DC7800232691 /* main.swift */ = {isa = PBXFileReference; lastKnownFileType = sourcecode.swift; path = main.swift; sourceTree = "<group>"; };
		1AFB7EDC2338DF1A00232691 /* Api.swift */ = {isa = PBXFileReference; lastKnownFileType = sourcecode.swift; path = Api.swift; sourceTree = "<group>"; };
		1AFB7EE12338E0EB00232691 /* result.json */ = {isa = PBXFileReference; lastKnownFileType = text.json; path = result.json; sourceTree = "<group>"; };
		1AFB7EE22338E39100232691 /* Result.swift */ = {isa = PBXFileReference; lastKnownFileType = sourcecode.swift; path = Result.swift; sourceTree = "<group>"; };
		1AFB7EE62338E3FD00232691 /* summaries.json */ = {isa = PBXFileReference; lastKnownFileType = text.json; path = summaries.json; sourceTree = "<group>"; };
/* End PBXFileReference section */

/* Begin PBXFrameworksBuildPhase section */
		1AFB7ECF2338DC7800232691 /* Frameworks */ = {
			isa = PBXFrameworksBuildPhase;
			buildActionMask = 2147483647;
			files = (
			);
			runOnlyForDeploymentPostprocessing = 0;
		};
/* End PBXFrameworksBuildPhase section */

/* Begin PBXGroup section */
		04B5616B23399F1E003DDEED /* Utils */ = {
			isa = PBXGroup;
			children = (
				04B5616C23399F2B003DDEED /* FileUtils.swift */,
			);
			path = Utils;
			sourceTree = "<group>";
		};
		1AFB7EC92338DC7800232691 = {
			isa = PBXGroup;
			children = (
				1AFB7ED42338DC7800232691 /* ios-jira-client-tool */,
				1AFB7ED32338DC7800232691 /* Products */,
			);
			sourceTree = "<group>";
		};
		1AFB7ED32338DC7800232691 /* Products */ = {
			isa = PBXGroup;
			children = (
				1AFB7ED22338DC7800232691 /* ios-jira-client-tool */,
			);
			name = Products;
			sourceTree = "<group>";
		};
		1AFB7ED42338DC7800232691 /* ios-jira-client-tool */ = {
			isa = PBXGroup;
			children = (
				04B5616B23399F1E003DDEED /* Utils */,
				1AFB7EE02338E0D200232691 /* Data */,
				1AFB7EDF2338DF6F00232691 /* Networking */,
				1AFB7EDE2338DF6900232691 /* Entity */,
				1AFB7ED52338DC7800232691 /* main.swift */,
			);
			path = "ios-jira-client-tool";
			sourceTree = "<group>";
		};
		1AFB7EDE2338DF6900232691 /* Entity */ = {
			isa = PBXGroup;
			children = (
				1AFB7EE22338E39100232691 /* Result.swift */,
				04B56163233922FF003DDEED /* Summaries.swift */,
				04B5616523392A2A003DDEED /* Runnable.swift */,
				04B56169233930ED003DDEED /* TestCase.swift */,
			);
			path = Entity;
			sourceTree = "<group>";
		};
		1AFB7EDF2338DF6F00232691 /* Networking */ = {
			isa = PBXGroup;
			children = (
				1AFB7EDC2338DF1A00232691 /* Api.swift */,
			);
			path = Networking;
			sourceTree = "<group>";
		};
		1AFB7EE02338E0D200232691 /* Data */ = {
			isa = PBXGroup;
			children = (
				04B5616823392D8D003DDEED /* config.plist */,
				1AFB7EE12338E0EB00232691 /* result.json */,
				1AFB7EE62338E3FD00232691 /* summaries.json */,
			);
			path = Data;
			sourceTree = "<group>";
		};
/* End PBXGroup section */

/* Begin PBXNativeTarget section */
		1AFB7ED12338DC7800232691 /* ios-jira-client-tool */ = {
			isa = PBXNativeTarget;
			buildConfigurationList = 1AFB7ED92338DC7800232691 /* Build configuration list for PBXNativeTarget "ios-jira-client-tool" */;
			buildPhases = (
				1AFB7ECE2338DC7800232691 /* Sources */,
				1AFB7ECF2338DC7800232691 /* Frameworks */,
				1AFB7ED02338DC7800232691 /* CopyFiles */,
			);
			buildRules = (
			);
			dependencies = (
			);
			name = "ios-jira-client-tool";
			productName = "ios-jira-client-tool";
			productReference = 1AFB7ED22338DC7800232691 /* ios-jira-client-tool */;
			productType = "com.apple.product-type.tool";
		};
/* End PBXNativeTarget section */

/* Begin PBXProject section */
		1AFB7ECA2338DC7800232691 /* Project object */ = {
			isa = PBXProject;
			attributes = {
				LastSwiftUpdateCheck = 1100;
				LastUpgradeCheck = 1100;
				ORGANIZATIONNAME = "Tung Nguyen";
				TargetAttributes = {
					1AFB7ED12338DC7800232691 = {
						CreatedOnToolsVersion = 11.0;
					};
				};
			};
			buildConfigurationList = 1AFB7ECD2338DC7800232691 /* Build configuration list for PBXProject "ios-jira-client-tool" */;
			compatibilityVersion = "Xcode 9.3";
			developmentRegion = en;
			hasScannedForEncodings = 0;
			knownRegions = (
				en,
				Base,
			);
			mainGroup = 1AFB7EC92338DC7800232691;
			productRefGroup = 1AFB7ED32338DC7800232691 /* Products */;
			projectDirPath = "";
			projectRoot = "";
			targets = (
				1AFB7ED12338DC7800232691 /* ios-jira-client-tool */,
			);
		};
/* End PBXProject section */

/* Begin PBXSourcesBuildPhase section */
		1AFB7ECE2338DC7800232691 /* Sources */ = {
			isa = PBXSourcesBuildPhase;
			buildActionMask = 2147483647;
			files = (
				1AFB7EE32338E39100232691 /* Result.swift in Sources */,
				1AFB7EDD2338DF1A00232691 /* Api.swift in Sources */,
				04B5616A233930ED003DDEED /* TestCase.swift in Sources */,
				04B56164233922FF003DDEED /* Summaries.swift in Sources */,
				04B5616623392A2A003DDEED /* Runnable.swift in Sources */,
				04B5616D23399F2B003DDEED /* FileUtils.swift in Sources */,
				1AFB7ED62338DC7800232691 /* main.swift in Sources */,
			);
			runOnlyForDeploymentPostprocessing = 0;
		};
/* End PBXSourcesBuildPhase section */

/* Begin XCBuildConfiguration section */
		1AFB7ED72338DC7800232691 /* Debug */ = {
			isa = XCBuildConfiguration;
			buildSettings = {
				ALWAYS_SEARCH_USER_PATHS = NO;
				CLANG_ANALYZER_NONNULL = YES;
				CLANG_ANALYZER_NUMBER_OBJECT_CONVERSION = YES_AGGRESSIVE;
				CLANG_CXX_LANGUAGE_STANDARD = "gnu++14";
				CLANG_CXX_LIBRARY = "libc++";
				CLANG_ENABLE_MODULES = YES;
				CLANG_ENABLE_OBJC_ARC = YES;
				CLANG_ENABLE_OBJC_WEAK = YES;
				CLANG_WARN_BLOCK_CAPTURE_AUTORELEASING = YES;
				CLANG_WARN_BOOL_CONVERSION = YES;
				CLANG_WARN_COMMA = YES;
				CLANG_WARN_CONSTANT_CONVERSION = YES;
				CLANG_WARN_DEPRECATED_OBJC_IMPLEMENTATIONS = YES;
				CLANG_WARN_DIRECT_OBJC_ISA_USAGE = YES_ERROR;
				CLANG_WARN_DOCUMENTATION_COMMENTS = YES;
				CLANG_WARN_EMPTY_BODY = YES;
				CLANG_WARN_ENUM_CONVERSION = YES;
				CLANG_WARN_INFINITE_RECURSION = YES;
				CLANG_WARN_INT_CONVERSION = YES;
				CLANG_WARN_NON_LITERAL_NULL_CONVERSION = YES;
				CLANG_WARN_OBJC_IMPLICIT_RETAIN_SELF = YES;
				CLANG_WARN_OBJC_LITERAL_CONVERSION = YES;
				CLANG_WARN_OBJC_ROOT_CLASS = YES_ERROR;
				CLANG_WARN_RANGE_LOOP_ANALYSIS = YES;
				CLANG_WARN_STRICT_PROTOTYPES = YES;
				CLANG_WARN_SUSPICIOUS_MOVE = YES;
				CLANG_WARN_UNGUARDED_AVAILABILITY = YES_AGGRESSIVE;
				CLANG_WARN_UNREACHABLE_CODE = YES;
				CLANG_WARN__DUPLICATE_METHOD_MATCH = YES;
				COPY_PHASE_STRIP = NO;
				DEBUG_INFORMATION_FORMAT = dwarf;
				ENABLE_STRICT_OBJC_MSGSEND = YES;
				ENABLE_TESTABILITY = YES;
				GCC_C_LANGUAGE_STANDARD = gnu11;
				GCC_DYNAMIC_NO_PIC = NO;
				GCC_NO_COMMON_BLOCKS = YES;
				GCC_OPTIMIZATION_LEVEL = 0;
				GCC_PREPROCESSOR_DEFINITIONS = (
					"DEBUG=1",
					"$(inherited)",
				);
				GCC_WARN_64_TO_32_BIT_CONVERSION = YES;
				GCC_WARN_ABOUT_RETURN_TYPE = YES_ERROR;
				GCC_WARN_UNDECLARED_SELECTOR = YES;
				GCC_WARN_UNINITIALIZED_AUTOS = YES_AGGRESSIVE;
				GCC_WARN_UNUSED_FUNCTION = YES;
				GCC_WARN_UNUSED_VARIABLE = YES;
				MACOSX_DEPLOYMENT_TARGET = 10.14;
				MTL_ENABLE_DEBUG_INFO = INCLUDE_SOURCE;
				MTL_FAST_MATH = YES;
				ONLY_ACTIVE_ARCH = YES;
				SDKROOT = macosx;
				SWIFT_ACTIVE_COMPILATION_CONDITIONS = DEBUG;
				SWIFT_OPTIMIZATION_LEVEL = "-Onone";
			};
			name = Debug;
		};
		1AFB7ED82338DC7800232691 /* Release */ = {
			isa = XCBuildConfiguration;
			buildSettings = {
				ALWAYS_SEARCH_USER_PATHS = NO;
				CLANG_ANALYZER_NONNULL = YES;
				CLANG_ANALYZER_NUMBER_OBJECT_CONVERSION = YES_AGGRESSIVE;
				CLANG_CXX_LANGUAGE_STANDARD = "gnu++14";
				CLANG_CXX_LIBRARY = "libc++";
				CLANG_ENABLE_MODULES = YES;
				CLANG_ENABLE_OBJC_ARC = YES;
				CLANG_ENABLE_OBJC_WEAK = YES;
				CLANG_WARN_BLOCK_CAPTURE_AUTORELEASING = YES;
				CLANG_WARN_BOOL_CONVERSION = YES;
				CLANG_WARN_COMMA = YES;
				CLANG_WARN_CONSTANT_CONVERSION = YES;
				CLANG_WARN_DEPRECATED_OBJC_IMPLEMENTATIONS = YES;
				CLANG_WARN_DIRECT_OBJC_ISA_USAGE = YES_ERROR;
				CLANG_WARN_DOCUMENTATION_COMMENTS = YES;
				CLANG_WARN_EMPTY_BODY = YES;
				CLANG_WARN_ENUM_CONVERSION = YES;
				CLANG_WARN_INFINITE_RECURSION = YES;
				CLANG_WARN_INT_CONVERSION = YES;
				CLANG_WARN_NON_LITERAL_NULL_CONVERSION = YES;
				CLANG_WARN_OBJC_IMPLICIT_RETAIN_SELF = YES;
				CLANG_WARN_OBJC_LITERAL_CONVERSION = YES;
				CLANG_WARN_OBJC_ROOT_CLASS = YES_ERROR;
				CLANG_WARN_RANGE_LOOP_ANALYSIS = YES;
				CLANG_WARN_STRICT_PROTOTYPES = YES;
				CLANG_WARN_SUSPICIOUS_MOVE = YES;
				CLANG_WARN_UNGUARDED_AVAILABILITY = YES_AGGRESSIVE;
				CLANG_WARN_UNREACHABLE_CODE = YES;
				CLANG_WARN__DUPLICATE_METHOD_MATCH = YES;
				COPY_PHASE_STRIP = NO;
				DEBUG_INFORMATION_FORMAT = "dwarf-with-dsym";
				ENABLE_NS_ASSERTIONS = NO;
				ENABLE_STRICT_OBJC_MSGSEND = YES;
				GCC_C_LANGUAGE_STANDARD = gnu11;
				GCC_NO_COMMON_BLOCKS = YES;
				GCC_WARN_64_TO_32_BIT_CONVERSION = YES;
				GCC_WARN_ABOUT_RETURN_TYPE = YES_ERROR;
				GCC_WARN_UNDECLARED_SELECTOR = YES;
				GCC_WARN_UNINITIALIZED_AUTOS = YES_AGGRESSIVE;
				GCC_WARN_UNUSED_FUNCTION = YES;
				GCC_WARN_UNUSED_VARIABLE = YES;
				MACOSX_DEPLOYMENT_TARGET = 10.14;
				MTL_ENABLE_DEBUG_INFO = NO;
				MTL_FAST_MATH = YES;
				SDKROOT = macosx;
				SWIFT_COMPILATION_MODE = wholemodule;
				SWIFT_OPTIMIZATION_LEVEL = "-O";
			};
			name = Release;
		};
		1AFB7EDA2338DC7800232691 /* Debug */ = {
			isa = XCBuildConfiguration;
			buildSettings = {
				CODE_SIGN_STYLE = Automatic;
				PRODUCT_NAME = "$(TARGET_NAME)";
				SWIFT_VERSION = 5.0;
			};
			name = Debug;
		};
		1AFB7EDB2338DC7800232691 /* Release */ = {
			isa = XCBuildConfiguration;
			buildSettings = {
				CODE_SIGN_STYLE = Automatic;
				PRODUCT_NAME = "$(TARGET_NAME)";
				SWIFT_VERSION = 5.0;
			};
			name = Release;
		};
/* End XCBuildConfiguration section */

/* Begin XCConfigurationList section */
		1AFB7ECD2338DC7800232691 /* Build configuration list for PBXProject "ios-jira-client-tool" */ = {
			isa = XCConfigurationList;
			buildConfigurations = (
				1AFB7ED72338DC7800232691 /* Debug */,
				1AFB7ED82338DC7800232691 /* Release */,
			);
			defaultConfigurationIsVisible = 0;
			defaultConfigurationName = Release;
		};
		1AFB7ED92338DC7800232691 /* Build configuration list for PBXNativeTarget "ios-jira-client-tool" */ = {
			isa = XCConfigurationList;
			buildConfigurations = (
				1AFB7EDA2338DC7800232691 /* Debug */,
				1AFB7EDB2338DC7800232691 /* Release */,
			);
			defaultConfigurationIsVisible = 0;
			defaultConfigurationName = Release;
		};
/* End XCConfigurationList section */
	};
	rootObject = 1AFB7ECA2338DC7800232691 /* Project object */;
}
